// !$*UTF8*$!
{
	archiveVersion = 1;
	classes = {
	};
	objectVersion = 46;
	objects = {

/* Begin PBXBuildFile section */
		A11B95881C59133A00006F54 /* main.m in Sources */ = {isa = PBXBuildFile; fileRef = A11B95871C59133A00006F54 /* main.m */; };
		A11B958B1C59133A00006F54 /* AppDelegate.m in Sources */ = {isa = PBXBuildFile; fileRef = A11B958A1C59133A00006F54 /* AppDelegate.m */; };
		A11B958E1C59133A00006F54 /* ViewController.m in Sources */ = {isa = PBXBuildFile; fileRef = A11B958D1C59133A00006F54 /* ViewController.m */; };
		A11B95911C59133A00006F54 /* Main.storyboard in Resources */ = {isa = PBXBuildFile; fileRef = A11B958F1C59133A00006F54 /* Main.storyboard */; };
		A11B95931C59133A00006F54 /* Assets.xcassets in Resources */ = {isa = PBXBuildFile; fileRef = A11B95921C59133A00006F54 /* Assets.xcassets */; };
		A11B95961C59133A00006F54 /* LaunchScreen.storyboard in Resources */ = {isa = PBXBuildFile; fileRef = A11B95941C59133A00006F54 /* LaunchScreen.storyboard */; };
		A11B95A11C59133B00006F54 /* JRMenuDemoTests.m in Sources */ = {isa = PBXBuildFile; fileRef = A11B95A01C59133B00006F54 /* JRMenuDemoTests.m */; };
		A11B95AC1C59133B00006F54 /* JRMenuDemoUITests.m in Sources */ = {isa = PBXBuildFile; fileRef = A11B95AB1C59133B00006F54 /* JRMenuDemoUITests.m */; };
		A11FD0391C62E9CF008F7A03 /* TableViewCell.m in Sources */ = {isa = PBXBuildFile; fileRef = A11FD0381C62E9CF008F7A03 /* TableViewCell.m */; };
		A11FD0441C62F54B008F7A03 /* JRMenuView.m in Sources */ = {isa = PBXBuildFile; fileRef = A11FD0431C62F54B008F7A03 /* JRMenuView.m */; };
/* End PBXBuildFile section */

/* Begin PBXContainerItemProxy section */
		A11B959D1C59133B00006F54 /* PBXContainerItemProxy */ = {
			isa = PBXContainerItemProxy;
			containerPortal = A11B957B1C59133A00006F54 /* Project object */;
			proxyType = 1;
			remoteGlobalIDString = A11B95821C59133A00006F54;
			remoteInfo = JRMenuDemo;
		};
		A11B95A81C59133B00006F54 /* PBXContainerItemProxy */ = {
			isa = PBXContainerItemProxy;
			containerPortal = A11B957B1C59133A00006F54 /* Project object */;
			proxyType = 1;
			remoteGlobalIDString = A11B95821C59133A00006F54;
			remoteInfo = JRMenuDemo;
		};
/* End PBXContainerItemProxy section */

/* Begin PBXFileReference section */
		A11B95831C59133A00006F54 /* JRMenuDemo.app */ = {isa = PBXFileReference; explicitFileType = wrapper.application; includeInIndex = 0; path = JRMenuDemo.app; sourceTree = BUILT_PRODUCTS_DIR; };
		A11B95871C59133A00006F54 /* main.m */ = {isa = PBXFileReference; lastKnownFileType = sourcecode.c.objc; path = main.m; sourceTree = "<group>"; };
		A11B95891C59133A00006F54 /* AppDelegate.h */ = {isa = PBXFileReference; lastKnownFileType = sourcecode.c.h; path = AppDelegate.h; sourceTree = "<group>"; };
		A11B958A1C59133A00006F54 /* AppDelegate.m */ = {isa = PBXFileReference; lastKnownFileType = sourcecode.c.objc; path = AppDelegate.m; sourceTree = "<group>"; };
		A11B958C1C59133A00006F54 /* ViewController.h */ = {isa = PBXFileReference; lastKnownFileType = sourcecode.c.h; path = ViewController.h; sourceTree = "<group>"; };
		A11B958D1C59133A00006F54 /* ViewController.m */ = {isa = PBXFileReference; lastKnownFileType = sourcecode.c.objc; path = ViewController.m; sourceTree = "<group>"; };
		A11B95901C59133A00006F54 /* Base */ = {isa = PBXFileReference; lastKnownFileType = file.storyboard; name = Base; path = Base.lproj/Main.storyboard; sourceTree = "<group>"; };
		A11B95921C59133A00006F54 /* Assets.xcassets */ = {isa = PBXFileReference; lastKnownFileType = folder.assetcatalog; path = Assets.xcassets; sourceTree = "<group>"; };
		A11B95951C59133A00006F54 /* Base */ = {isa = PBXFileReference; lastKnownFileType = file.storyboard; name = Base; path = Base.lproj/LaunchScreen.storyboard; sourceTree = "<group>"; };
		A11B95971C59133A00006F54 /* Info.plist */ = {isa = PBXFileReference; lastKnownFileType = text.plist.xml; path = Info.plist; sourceTree = "<group>"; };
		A11B959C1C59133B00006F54 /* JRMenuDemoTests.xctest */ = {isa = PBXFileReference; explicitFileType = wrapper.cfbundle; includeInIndex = 0; path = JRMenuDemoTests.xctest; sourceTree = BUILT_PRODUCTS_DIR; };
		A11B95A01C59133B00006F54 /* JRMenuDemoTests.m */ = {isa = PBXFileReference; lastKnownFileType = sourcecode.c.objc; path = JRMenuDemoTests.m; sourceTree = "<group>"; };
		A11B95A21C59133B00006F54 /* Info.plist */ = {isa = PBXFileReference; lastKnownFileType = text.plist.xml; path = Info.plist; sourceTree = "<group>"; };
		A11B95A71C59133B00006F54 /* JRMenuDemoUITests.xctest */ = {isa = PBXFileReference; explicitFileType = wrapper.cfbundle; includeInIndex = 0; path = JRMenuDemoUITests.xctest; sourceTree = BUILT_PRODUCTS_DIR; };
		A11B95AB1C59133B00006F54 /* JRMenuDemoUITests.m */ = {isa = PBXFileReference; lastKnownFileType = sourcecode.c.objc; path = JRMenuDemoUITests.m; sourceTree = "<group>"; };
		A11B95AD1C59133B00006F54 /* Info.plist */ = {isa = PBXFileReference; lastKnownFileType = text.plist.xml; path = Info.plist; sourceTree = "<group>"; };
		A11FD0371C62E9CF008F7A03 /* TableViewCell.h */ = {isa = PBXFileReference; fileEncoding = 4; lastKnownFileType = sourcecode.c.h; path = TableViewCell.h; sourceTree = "<group>"; };
		A11FD0381C62E9CF008F7A03 /* TableViewCell.m */ = {isa = PBXFileReference; fileEncoding = 4; lastKnownFileType = sourcecode.c.objc; path = TableViewCell.m; sourceTree = "<group>"; };
		A11FD0421C62F54B008F7A03 /* JRMenuView.h */ = {isa = PBXFileReference; fileEncoding = 4; lastKnownFileType = sourcecode.c.h; path = JRMenuView.h; sourceTree = "<group>"; };
		A11FD0431C62F54B008F7A03 /* JRMenuView.m */ = {isa = PBXFileReference; fileEncoding = 4; lastKnownFileType = sourcecode.c.objc; path = JRMenuView.m; sourceTree = "<group>"; };
/* End PBXFileReference section */

/* Begin PBXFrameworksBuildPhase section */
		A11B95801C59133A00006F54 /* Frameworks */ = {
			isa = PBXFrameworksBuildPhase;
			buildActionMask = 2147483647;
			files = (
			);
			runOnlyForDeploymentPostprocessing = 0;
		};
		A11B95991C59133B00006F54 /* Frameworks */ = {
			isa = PBXFrameworksBuildPhase;
			buildActionMask = 2147483647;
			files = (
			);
			runOnlyForDeploymentPostprocessing = 0;
		};
		A11B95A41C59133B00006F54 /* Frameworks */ = {
			isa = PBXFrameworksBuildPhase;
			buildActionMask = 2147483647;
			files = (
			);
			runOnlyForDeploymentPostprocessing = 0;
		};
/* End PBXFrameworksBuildPhase section */

/* Begin PBXGroup section */
		A11B957A1C59133A00006F54 = {
			isa = PBXGroup;
			children = (
				A11B95851C59133A00006F54 /* JRMenuDemo */,
				A11B959F1C59133B00006F54 /* JRMenuDemoTests */,
				A11B95AA1C59133B00006F54 /* JRMenuDemoUITests */,
				A11B95841C59133A00006F54 /* Products */,
			);
			sourceTree = "<group>";
		};
		A11B95841C59133A00006F54 /* Products */ = {
			isa = PBXGroup;
			children = (
				A11B95831C59133A00006F54 /* JRMenuDemo.app */,
				A11B959C1C59133B00006F54 /* JRMenuDemoTests.xctest */,
				A11B95A71C59133B00006F54 /* JRMenuDemoUITests.xctest */,
			);
			name = Products;
			sourceTree = "<group>";
		};
		A11B95851C59133A00006F54 /* JRMenuDemo */ = {
			isa = PBXGroup;
			children = (
				A11FD0411C62F54B008F7A03 /* JRMenuView */,
				A11B95891C59133A00006F54 /* AppDelegate.h */,
				A11B958A1C59133A00006F54 /* AppDelegate.m */,
				A11B958C1C59133A00006F54 /* ViewController.h */,
				A11B958D1C59133A00006F54 /* ViewController.m */,
				A11FD0371C62E9CF008F7A03 /* TableViewCell.h */,
				A11FD0381C62E9CF008F7A03 /* TableViewCell.m */,
				A11B958F1C59133A00006F54 /* Main.storyboard */,
				A11B95921C59133A00006F54 /* Assets.xcassets */,
				A11B95941C59133A00006F54 /* LaunchScreen.storyboard */,
				A11B95971C59133A00006F54 /* Info.plist */,
				A11B95861C59133A00006F54 /* Supporting Files */,
			);
			path = JRMenuDemo;
			sourceTree = "<group>";
		};
		A11B95861C59133A00006F54 /* Supporting Files */ = {
			isa = PBXGroup;
			children = (
				A11B95871C59133A00006F54 /* main.m */,
			);
			name = "Supporting Files";
			sourceTree = "<group>";
		};
		A11B959F1C59133B00006F54 /* JRMenuDemoTests */ = {
			isa = PBXGroup;
			children = (
				A11B95A01C59133B00006F54 /* JRMenuDemoTests.m */,
				A11B95A21C59133B00006F54 /* Info.plist */,
			);
			path = JRMenuDemoTests;
			sourceTree = "<group>";
		};
		A11B95AA1C59133B00006F54 /* JRMenuDemoUITests */ = {
			isa = PBXGroup;
			children = (
				A11B95AB1C59133B00006F54 /* JRMenuDemoUITests.m */,
				A11B95AD1C59133B00006F54 /* Info.plist */,
			);
			path = JRMenuDemoUITests;
			sourceTree = "<group>";
		};
		A11FD0411C62F54B008F7A03 /* JRMenuView */ = {
			isa = PBXGroup;
			children = (
				A11FD0421C62F54B008F7A03 /* JRMenuView.h */,
				A11FD0431C62F54B008F7A03 /* JRMenuView.m */,
			);
			path = JRMenuView;
			sourceTree = SOURCE_ROOT;
		};
/* End PBXGroup section */

/* Begin PBXNativeTarget section */
		A11B95821C59133A00006F54 /* JRMenuDemo */ = {
			isa = PBXNativeTarget;
			buildConfigurationList = A11B95B01C59133B00006F54 /* Build configuration list for PBXNativeTarget "JRMenuDemo" */;
			buildPhases = (
				A11B957F1C59133A00006F54 /* Sources */,
				A11B95801C59133A00006F54 /* Frameworks */,
				A11B95811C59133A00006F54 /* Resources */,
			);
			buildRules = (
			);
			dependencies = (
			);
			name = JRMenuDemo;
			productName = JRMenuDemo;
			productReference = A11B95831C59133A00006F54 /* JRMenuDemo.app */;
			productType = "com.apple.product-type.application";
		};
		A11B959B1C59133B00006F54 /* JRMenuDemoTests */ = {
			isa = PBXNativeTarget;
			buildConfigurationList = A11B95B31C59133B00006F54 /* Build configuration list for PBXNativeTarget "JRMenuDemoTests" */;
			buildPhases = (
				A11B95981C59133B00006F54 /* Sources */,
				A11B95991C59133B00006F54 /* Frameworks */,
				A11B959A1C59133B00006F54 /* Resources */,
			);
			buildRules = (
			);
			dependencies = (
				A11B959E1C59133B00006F54 /* PBXTargetDependency */,
			);
			name = JRMenuDemoTests;
			productName = JRMenuDemoTests;
			productReference = A11B959C1C59133B00006F54 /* JRMenuDemoTests.xctest */;
			productType = "com.apple.product-type.bundle.unit-test";
		};
		A11B95A61C59133B00006F54 /* JRMenuDemoUITests */ = {
			isa = PBXNativeTarget;
			buildConfigurationList = A11B95B61C59133B00006F54 /* Build configuration list for PBXNativeTarget "JRMenuDemoUITests" */;
			buildPhases = (
				A11B95A31C59133B00006F54 /* Sources */,
				A11B95A41C59133B00006F54 /* Frameworks */,
				A11B95A51C59133B00006F54 /* Resources */,
			);
			buildRules = (
			);
			dependencies = (
				A11B95A91C59133B00006F54 /* PBXTargetDependency */,
			);
			name = JRMenuDemoUITests;
			productName = JRMenuDemoUITests;
			productReference = A11B95A71C59133B00006F54 /* JRMenuDemoUITests.xctest */;
			productType = "com.apple.product-type.bundle.ui-testing";
		};
/* End PBXNativeTarget section */

/* Begin PBXProject section */
		A11B957B1C59133A00006F54 /* Project object */ = {
			isa = PBXProject;
			attributes = {
				LastUpgradeCheck = 0710;
				ORGANIZATIONNAME = Andy;
				TargetAttributes = {
					A11B95821C59133A00006F54 = {
						CreatedOnToolsVersion = 7.1;
					};
					A11B959B1C59133B00006F54 = {
						CreatedOnToolsVersion = 7.1;
						TestTargetID = A11B95821C59133A00006F54;
					};
					A11B95A61C59133B00006F54 = {
						CreatedOnToolsVersion = 7.1;
						TestTargetID = A11B95821C59133A00006F54;
					};
				};
			};
			buildConfigurationList = A11B957E1C59133A00006F54 /* Build configuration list for PBXProject "JRMenuDemo" */;
			compatibilityVersion = "Xcode 3.2";
			developmentRegion = English;
			hasScannedForEncodings = 0;
			knownRegions = (
				en,
				Base,
			);
			mainGroup = A11B957A1C59133A00006F54;
			productRefGroup = A11B95841C59133A00006F54 /* Products */;
			projectDirPath = "";
			projectRoot = "";
			targets = (
				A11B95821C59133A00006F54 /* JRMenuDemo */,
				A11B959B1C59133B00006F54 /* JRMenuDemoTests */,
				A11B95A61C59133B00006F54 /* JRMenuDemoUITests */,
			);
		};
/* End PBXProject section */

/* Begin PBXResourcesBuildPhase section */
		A11B95811C59133A00006F54 /* Resources */ = {
			isa = PBXResourcesBuildPhase;
			buildActionMask = 2147483647;
			files = (
				A11B95961C59133A00006F54 /* LaunchScreen.storyboard in Resources */,
				A11B95931C59133A00006F54 /* Assets.xcassets in Resources */,
				A11B95911C59133A00006F54 /* Main.storyboard in Resources */,
			);
			runOnlyForDeploymentPostprocessing = 0;
		};
		A11B959A1C59133B00006F54 /* Resources */ = {
			isa = PBXResourcesBuildPhase;
			buildActionMask = 2147483647;
			files = (
			);
			runOnlyForDeploymentPostprocessing = 0;
		};
		A11B95A51C59133B00006F54 /* Resources */ = {
			isa = PBXResourcesBuildPhase;
			buildActionMask = 2147483647;
			files = (
			);
			runOnlyForDeploymentPostprocessing = 0;
		};
/* End PBXResourcesBuildPhase section */

/* Begin PBXSourcesBuildPhase section */
		A11B957F1C59133A00006F54 /* Sources */ = {
			isa = PBXSourcesBuildPhase;
			buildActionMask = 2147483647;
			files = (
				A11B958E1C59133A00006F54 /* ViewController.m in Sources */,
				A11FD0441C62F54B008F7A03 /* JRMenuView.m in Sources */,
				A11B958B1C59133A00006F54 /* AppDelegate.m in Sources */,
				A11B95881C59133A00006F54 /* main.m in Sources */,
				A11FD0391C62E9CF008F7A03 /* TableViewCell.m in Sources */,
			);
			runOnlyForDeploymentPostprocessing = 0;
		};
		A11B95981C59133B00006F54 /* Sources */ = {
			isa = PBXSourcesBuildPhase;
			buildActionMask = 2147483647;
			files = (
				A11B95A11C59133B00006F54 /* JRMenuDemoTests.m in Sources */,
			);
			runOnlyForDeploymentPostprocessing = 0;
		};
		A11B95A31C59133B00006F54 /* Sources */ = {
			isa = PBXSourcesBuildPhase;
			buildActionMask = 2147483647;
			files = (
				A11B95AC1C59133B00006F54 /* JRMenuDemoUITests.m in Sources */,
			);
			runOnlyForDeploymentPostprocessing = 0;
		};
/* End PBXSourcesBuildPhase section */

/* Begin PBXTargetDependency section */
		A11B959E1C59133B00006F54 /* PBXTargetDependency */ = {
			isa = PBXTargetDependency;
			target = A11B95821C59133A00006F54 /* JRMenuDemo */;
			targetProxy = A11B959D1C59133B00006F54 /* PBXContainerItemProxy */;
		};
		A11B95A91C59133B00006F54 /* PBXTargetDependency */ = {
			isa = PBXTargetDependency;
			target = A11B95821C59133A00006F54 /* JRMenuDemo */;
			targetProxy = A11B95A81C59133B00006F54 /* PBXContainerItemProxy */;
		};
/* End PBXTargetDependency section */

/* Begin PBXVariantGroup section */
		A11B958F1C59133A00006F54 /* Main.storyboard */ = {
			isa = PBXVariantGroup;
			children = (
				A11B95901C59133A00006F54 /* Base */,
			);
			name = Main.storyboard;
			sourceTree = "<group>";
		};
		A11B95941C59133A00006F54 /* LaunchScreen.storyboard */ = {
			isa = PBXVariantGroup;
			children = (
				A11B95951C59133A00006F54 /* Base */,
			);
			name = LaunchScreen.storyboard;
			sourceTree = "<group>";
		};
/* End PBXVariantGroup section */

/* Begin XCBuildConfiguration section */
		A11B95AE1C59133B00006F54 /* Debug */ = {
			isa = XCBuildConfiguration;
			buildSettings = {
				ALWAYS_SEARCH_USER_PATHS = NO;
				CLANG_CXX_LANGUAGE_STANDARD = "gnu++0x";
				CLANG_CXX_LIBRARY = "libc++";
				CLANG_ENABLE_MODULES = YES;
				CLANG_ENABLE_OBJC_ARC = YES;
				CLANG_WARN_BOOL_CONVERSION = YES;
				CLANG_WARN_CONSTANT_CONVERSION = YES;
				CLANG_WARN_DIRECT_OBJC_ISA_USAGE = YES_ERROR;
				CLANG_WARN_EMPTY_BODY = YES;
				CLANG_WARN_ENUM_CONVERSION = YES;
				CLANG_WARN_INT_CONVERSION = YES;
				CLANG_WARN_OBJC_ROOT_CLASS = YES_ERROR;
				CLANG_WARN_UNREACHABLE_CODE = YES;
				CLANG_WARN__DUPLICATE_METHOD_MATCH = YES;
				"CODE_SIGN_IDENTITY[sdk=iphoneos*]" = "iPhone Developer";
				COPY_PHASE_STRIP = NO;
				DEBUG_INFORMATION_FORMAT = dwarf;
				ENABLE_STRICT_OBJC_MSGSEND = YES;
				ENABLE_TESTABILITY = YES;
				GCC_C_LANGUAGE_STANDARD = gnu99;
				GCC_DYNAMIC_NO_PIC = NO;
				GCC_NO_COMMON_BLOCKS = YES;
				GCC_OPTIMIZATION_LEVEL = 0;
				GCC_PREPROCESSOR_DEFINITIONS = (
					"DEBUG=1",
					"$(inherited)",
				);
				GCC_WARN_64_TO_32_BIT_CONVERSION = YES;
				GCC_WARN_ABOUT_RETURN_TYPE = YES_ERROR;
				GCC_WARN_UNDECLARED_SELECTOR = YES;
				GCC_WARN_UNINITIALIZED_AUTOS = YES_AGGRESSIVE;
				GCC_WARN_UNUSED_FUNCTION = YES;
				GCC_WARN_UNUSED_VARIABLE = YES;
				IPHONEOS_DEPLOYMENT_TARGET = 9.1;
				MTL_ENABLE_DEBUG_INFO = YES;
				ONLY_ACTIVE_ARCH = YES;
				SDKROOT = iphoneos;
			};
			name = Debug;
		};
		A11B95AF1C59133B00006F54 /* Release */ = {
			isa = XCBuildConfiguration;
			buildSettings = {
				ALWAYS_SEARCH_USER_PATHS = NO;
				CLANG_CXX_LANGUAGE_STANDARD = "gnu++0x";
				CLANG_CXX_LIBRARY = "libc++";
				CLANG_ENABLE_MODULES = YES;
				CLANG_ENABLE_OBJC_ARC = YES;
				CLANG_WARN_BOOL_CONVERSION = YES;
				CLANG_WARN_CONSTANT_CONVERSION = YES;
				CLANG_WARN_DIRECT_OBJC_ISA_USAGE = YES_ERROR;
				CLANG_WARN_EMPTY_BODY = YES;
				CLANG_WARN_ENUM_CONVERSION = YES;
				CLANG_WARN_INT_CONVERSION = YES;
				CLANG_WARN_OBJC_ROOT_CLASS = YES_ERROR;
				CLANG_WARN_UNREACHABLE_CODE = YES;
				CLANG_WARN__DUPLICATE_METHOD_MATCH = YES;
				"CODE_SIGN_IDENTITY[sdk=iphoneos*]" = "iPhone Developer";
				COPY_PHASE_STRIP = NO;
				DEBUG_INFORMATION_FORMAT = "dwarf-with-dsym";
				ENABLE_NS_ASSERTIONS = NO;
				ENABLE_STRICT_OBJC_MSGSEND = YES;
				GCC_C_LANGUAGE_STANDARD = gnu99;
				GCC_NO_COMMON_BLOCKS = YES;
				GCC_WARN_64_TO_32_BIT_CONVERSION = YES;
				GCC_WARN_ABOUT_RETURN_TYPE = YES_ERROR;
				GCC_WARN_UNDECLARED_SELECTOR = YES;
				GCC_WARN_UNINITIALIZED_AUTOS = YES_AGGRESSIVE;
				GCC_WARN_UNUSED_FUNCTION = YES;
				GCC_WARN_UNUSED_VARIABLE = YES;
				IPHONEOS_DEPLOYMENT_TARGET = 9.1;
				MTL_ENABLE_DEBUG_INFO = NO;
				SDKROOT = iphoneos;
				VALIDATE_PRODUCT = YES;
			};
			name = Release;
		};
		A11B95B11C59133B00006F54 /* Debug */ = {
			isa = XCBuildConfiguration;
			buildSettings = {
				ASSETCATALOG_COMPILER_APPICON_NAME = AppIcon;
				INFOPLIST_FILE = JRMenuDemo/Info.plist;
				IPHONEOS_DEPLOYMENT_TARGET = 7.1;
				LD_RUNPATH_SEARCH_PATHS = "$(inherited) @executable_path/Frameworks";
				PRODUCT_BUNDLE_IDENTIFIER = com.AndyGuo.www.JRMenuDemo;
				PRODUCT_NAME = "$(TARGET_NAME)";
			};
			name = Debug;
		};
		A11B95B21C59133B00006F54 /* Release */ = {
			isa = XCBuildConfiguration;
			buildSettings = {
				ASSETCATALOG_COMPILER_APPICON_NAME = AppIcon;
				INFOPLIST_FILE = JRMenuDemo/Info.plist;
				IPHONEOS_DEPLOYMENT_TARGET = 7.1;
				LD_RUNPATH_SEARCH_PATHS = "$(inherited) @executable_path/Frameworks";
				PRODUCT_BUNDLE_IDENTIFIER = com.AndyGuo.www.JRMenuDemo;
				PRODUCT_NAME = "$(TARGET_NAME)";
			};
			name = Release;
		};
		A11B95B41C59133B00006F54 /* Debug */ = {
			isa = XCBuildConfiguration;
			buildSettings = {
				BUNDLE_LOADER = "$(TEST_HOST)";
				INFOPLIST_FILE = JRMenuDemoTests/Info.plist;
				LD_RUNPATH_SEARCH_PATHS = "$(inherited) @executable_path/Frameworks @loader_path/Frameworks";
				PRODUCT_BUNDLE_IDENTIFIER = com.AndyGuo.www.JRMenuDemoTests;
				PRODUCT_NAME = "$(TARGET_NAME)";
				TEST_HOST = "$(BUILT_PRODUCTS_DIR)/JRMenuDemo.app/JRMenuDemo";
			};
			name = Debug;
		};
		A11B95B51C59133B00006F54 /* Release */ = {
			isa = XCBuildConfiguration;
			buildSettings = {
				BUNDLE_LOADER = "$(TEST_HOST)";
				INFOPLIST_FILE = JRMenuDemoTests/Info.plist;
				LD_RUNPATH_SEARCH_PATHS = "$(inherited) @executable_path/Frameworks @loader_path/Frameworks";
				PRODUCT_BUNDLE_IDENTIFIER = com.AndyGuo.www.JRMenuDemoTests;
				PRODUCT_NAME = "$(TARGET_NAME)";
				TEST_HOST = "$(BUILT_PRODUCTS_DIR)/JRMenuDemo.app/JRMenuDemo";
			};
			name = Release;
		};
		A11B95B71C59133B00006F54 /* Debug */ = {
			isa = XCBuildConfiguration;
			buildSettings = {
				INFOPLIST_FILE = JRMenuDemoUITests/Info.plist;
				LD_RUNPATH_SEARCH_PATHS = "$(inherited) @executable_path/Frameworks @loader_path/Frameworks";
				PRODUCT_BUNDLE_IDENTIFIER = com.AndyGuo.www.JRMenuDemoUITests;
				PRODUCT_NAME = "$(TARGET_NAME)";
				TEST_TARGET_NAME = JRMenuDemo;
				USES_XCTRUNNER = YES;
			};
			name = Debug;
		};
		A11B95B81C59133B00006F54 /* Release */ = {
			isa = XCBuildConfiguration;
			buildSettings = {
				INFOPLIST_FILE = JRMenuDemoUITests/Info.plist;
				LD_RUNPATH_SEARCH_PATHS = "$(inherited) @executable_path/Frameworks @loader_path/Frameworks";
				PRODUCT_BUNDLE_IDENTIFIER = com.AndyGuo.www.JRMenuDemoUITests;
				PRODUCT_NAME = "$(TARGET_NAME)";
				TEST_TARGET_NAME = JRMenuDemo;
				USES_XCTRUNNER = YES;
			};
			name = Release;
		};
/* End XCBuildConfiguration section */

/* Begin XCConfigurationList section */
		A11B957E1C59133A00006F54 /* Build configuration list for PBXProject "JRMenuDemo" */ = {
			isa = XCConfigurationList;
			buildConfigurations = (
				A11B95AE1C59133B00006F54 /* Debug */,
				A11B95AF1C59133B00006F54 /* Release */,
			);
			defaultConfigurationIsVisible = 0;
			defaultConfigurationName = Release;
		};
		A11B95B01C59133B00006F54 /* Build configuration list for PBXNativeTarget "JRMenuDemo" */ = {
			isa = XCConfigurationList;
			buildConfigurations = (
				A11B95B11C59133B00006F54 /* Debug */,
				A11B95B21C59133B00006F54 /* Release */,
			);
			defaultConfigurationIsVisible = 0;
			defaultConfigurationName = Release;
		};
		A11B95B31C59133B00006F54 /* Build configuration list for PBXNativeTarget "JRMenuDemoTests" */ = {
			isa = XCConfigurationList;
			buildConfigurations = (
				A11B95B41C59133B00006F54 /* Debug */,
				A11B95B51C59133B00006F54 /* Release */,
			);
			defaultConfigurationIsVisible = 0;
			defaultConfigurationName = Release;
		};
		A11B95B61C59133B00006F54 /* Build configuration list for PBXNativeTarget "JRMenuDemoUITests" */ = {
			isa = XCConfigurationList;
			buildConfigurations = (
				A11B95B71C59133B00006F54 /* Debug */,
				A11B95B81C59133B00006F54 /* Release */,
			);
			defaultConfigurationIsVisible = 0;
			defaultConfigurationName = Release;
		};
/* End XCConfigurationList section */
	};
	rootObject = A11B957B1C59133A00006F54 /* Project object */;
}
